
Microsoft Visual Studio Solution File, Format Version 12.00
# Visual Studio Version 16
VisualStudioVersion = 16.0.31624.102
MinimumVisualStudioVersion = 10.0.40219.1
Project("{FAE04EC0-301F-11D3-BF4B-00C04F79EFBC}") = "programa26 Creación Grafo Lista Adyacencia", "programa26 Creación Grafo Lista Adyacencia.csproj", "{AE2CE18D-F394-448A-95EC-E2463DBF80FA}"
EndProject
Global
	GlobalSection(SolutionConfigurationPlatforms) = preSolution
		Debug|Any CPU = Debug|Any CPU
		Release|Any CPU = Release|Any CPU
	EndGlobalSection
	GlobalSection(ProjectConfigurationPlatforms) = postSolution
		{AE2CE18D-F394-448A-95EC-E2463DBF80FA}.Debug|Any CPU.ActiveCfg = Debug|Any CPU
		{AE2CE18D-F394-448A-95EC-E2463DBF80FA}.Debug|Any CPU.Build.0 = Debug|Any CPU
		{AE2CE18D-F394-448A-95EC-E2463DBF80FA}.Release|Any CPU.ActiveCfg = Release|Any CPU
		{AE2CE18D-F394-448A-95EC-E2463DBF80FA}.Release|Any CPU.Build.0 = Release|Any CPU
	EndGlobalSection
	GlobalSection(SolutionProperties) = preSolution
		HideSolutionNode = FALSE
	EndGlobalSection
	GlobalSection(ExtensibilityGlobals) = postSolution
		SolutionGuid = {77ED0B77-01E7-4DD8-853C-9C0D80E7BF14}
	EndGlobalSection
EndGlobal
