
Microsoft Visual Studio Solution File, Format Version 12.00
# Visual Studio Version 16
VisualStudioVersion = 16.0.31624.102
MinimumVisualStudioVersion = 10.0.40219.1
Project("{FAE04EC0-301F-11D3-BF4B-00C04F79EFBC}") = "Programa10 Secuencia Fibonacci", "Programa10 Secuencia Fibonacci.csproj", "{A7BFBA78-DA9E-4282-809E-ECA4EA312673}"
EndProject
Global
	GlobalSection(SolutionConfigurationPlatforms) = preSolution
		Debug|Any CPU = Debug|Any CPU
		Release|Any CPU = Release|Any CPU
	EndGlobalSection
	GlobalSection(ProjectConfigurationPlatforms) = postSolution
		{A7BFBA78-DA9E-4282-809E-ECA4EA312673}.Debug|Any CPU.ActiveCfg = Debug|Any CPU
		{A7BFBA78-DA9E-4282-809E-ECA4EA312673}.Debug|Any CPU.Build.0 = Debug|Any CPU
		{A7BFBA78-DA9E-4282-809E-ECA4EA312673}.Release|Any CPU.ActiveCfg = Release|Any CPU
		{A7BFBA78-DA9E-4282-809E-ECA4EA312673}.Release|Any CPU.Build.0 = Release|Any CPU
	EndGlobalSection
	GlobalSection(SolutionProperties) = preSolution
		HideSolutionNode = FALSE
	EndGlobalSection
	GlobalSection(ExtensibilityGlobals) = postSolution
		SolutionGuid = {A9419AE6-D471-4C66-8D63-F8C63599905D}
	EndGlobalSection
EndGlobal
