
Microsoft Visual Studio Solution File, Format Version 12.00
# Visual Studio Version 16
VisualStudioVersion = 16.0.31624.102
MinimumVisualStudioVersion = 10.0.40219.1
Project("{FAE04EC0-301F-11D3-BF4B-00C04F79EFBC}") = "programa30 Camino Más Corto", "programa30 Camino Más Corto.csproj", "{A8806A67-6B43-4EBC-A7CA-09D1C26B5B86}"
EndProject
Global
	GlobalSection(SolutionConfigurationPlatforms) = preSolution
		Debug|Any CPU = Debug|Any CPU
		Release|Any CPU = Release|Any CPU
	EndGlobalSection
	GlobalSection(ProjectConfigurationPlatforms) = postSolution
		{A8806A67-6B43-4EBC-A7CA-09D1C26B5B86}.Debug|Any CPU.ActiveCfg = Debug|Any CPU
		{A8806A67-6B43-4EBC-A7CA-09D1C26B5B86}.Debug|Any CPU.Build.0 = Debug|Any CPU
		{A8806A67-6B43-4EBC-A7CA-09D1C26B5B86}.Release|Any CPU.ActiveCfg = Release|Any CPU
		{A8806A67-6B43-4EBC-A7CA-09D1C26B5B86}.Release|Any CPU.Build.0 = Release|Any CPU
	EndGlobalSection
	GlobalSection(SolutionProperties) = preSolution
		HideSolutionNode = FALSE
	EndGlobalSection
	GlobalSection(ExtensibilityGlobals) = postSolution
		SolutionGuid = {53EB07FA-C486-4628-A87A-83E2433C31D9}
	EndGlobalSection
EndGlobal
