
Microsoft Visual Studio Solution File, Format Version 12.00
# Visual Studio Version 16
VisualStudioVersion = 16.0.31624.102
MinimumVisualStudioVersion = 10.0.40219.1
Project("{FAE04EC0-301F-11D3-BF4B-00C04F79EFBC}") = "programa23 Lista Enlazada Nombres Meses del Año", "programa23 Lista Enlazada Nombres Meses del Año.csproj", "{E7FC65F8-FF64-49AB-B3B2-9B114695D91F}"
EndProject
Global
	GlobalSection(SolutionConfigurationPlatforms) = preSolution
		Debug|Any CPU = Debug|Any CPU
		Release|Any CPU = Release|Any CPU
	EndGlobalSection
	GlobalSection(ProjectConfigurationPlatforms) = postSolution
		{E7FC65F8-FF64-49AB-B3B2-9B114695D91F}.Debug|Any CPU.ActiveCfg = Debug|Any CPU
		{E7FC65F8-FF64-49AB-B3B2-9B114695D91F}.Debug|Any CPU.Build.0 = Debug|Any CPU
		{E7FC65F8-FF64-49AB-B3B2-9B114695D91F}.Release|Any CPU.ActiveCfg = Release|Any CPU
		{E7FC65F8-FF64-49AB-B3B2-9B114695D91F}.Release|Any CPU.Build.0 = Release|Any CPU
	EndGlobalSection
	GlobalSection(SolutionProperties) = preSolution
		HideSolutionNode = FALSE
	EndGlobalSection
	GlobalSection(ExtensibilityGlobals) = postSolution
		SolutionGuid = {14867A35-CEB8-488F-8917-4F1824336B38}
	EndGlobalSection
EndGlobal
